// !$*UTF8*$!
{
	archiveVersion = 1;
	classes = {
	};
	objectVersion = 46;
	objects = {

/* Begin PBXBuildFile section */
		531B21451D1AF7AB00E581E0 /* IconItem.xib in Resources */ = {isa = PBXBuildFile; fileRef = 531B21431D1AF7AB00E581E0 /* IconItem.xib */; };
		531B21471D1AFAF300E581E0 /* Images.xcassets in Resources */ = {isa = PBXBuildFile; fileRef = 531B21461D1AFAF300E581E0 /* Images.xcassets */; };
		533EA9711D1AF48700AC4566 /* Main.storyboard in Resources */ = {isa = PBXBuildFile; fileRef = 533EA96F1D1AF48700AC4566 /* Main.storyboard */; };
		533EA9751D1AF4A000AC4566 /* AppDelegate.swift in Sources */ = {isa = PBXBuildFile; fileRef = 533EA9731D1AF4A000AC4566 /* AppDelegate.swift */; };
		533EA9761D1AF4A000AC4566 /* ViewController.swift in Sources */ = {isa = PBXBuildFile; fileRef = 533EA9741D1AF4A000AC4566 /* ViewController.swift */; };
		533EA97D1D1AF50700AC4566 /* Credits.rtf in Resources */ = {isa = PBXBuildFile; fileRef = 533EA9791D1AF50700AC4566 /* Credits.rtf */; };
		533EA97E1D1AF50700AC4566 /* InfoPlist.strings in Resources */ = {isa = PBXBuildFile; fileRef = 533EA97B1D1AF50700AC4566 /* InfoPlist.strings */; };
/* End PBXBuildFile section */

/* Begin PBXFileReference section */
		531B21441D1AF7AB00E581E0 /* Base */ = {isa = PBXFileReference; lastKnownFileType = file.xib; name = Base; path = MediaLibraryLoader/Base.lproj/IconItem.xib; sourceTree = SOURCE_ROOT; };
		531B21461D1AFAF300E581E0 /* Images.xcassets */ = {isa = PBXFileReference; lastKnownFileType = folder.assetcatalog; name = Images.xcassets; path = MediaLibraryLoader/Images.xcassets; sourceTree = SOURCE_ROOT; };
		53320BF51D3954BB0017C24D /* README.md */ = {isa = PBXFileReference; lastKnownFileType = net.daringfireball.markdown; path = README.md; sourceTree = SOURCE_ROOT; };
		533EA9701D1AF48700AC4566 /* Base */ = {isa = PBXFileReference; lastKnownFileType = file.storyboard; name = Base; path = MediaLibraryLoader/Base.lproj/Main.storyboard; sourceTree = SOURCE_ROOT; };
		533EA9721D1AF49300AC4566 /* Info.plist */ = {isa = PBXFileReference; lastKnownFileType = text.plist.xml; name = Info.plist; path = MediaLibraryLoader/Info.plist; sourceTree = SOURCE_ROOT; };
		533EA9731D1AF4A000AC4566 /* AppDelegate.swift */ = {isa = PBXFileReference; fileEncoding = 4; lastKnownFileType = sourcecode.swift; name = AppDelegate.swift; path = MediaLibraryLoader/AppDelegate.swift; sourceTree = SOURCE_ROOT; };
		533EA9741D1AF4A000AC4566 /* ViewController.swift */ = {isa = PBXFileReference; fileEncoding = 4; lastKnownFileType = sourcecode.swift; name = ViewController.swift; path = MediaLibraryLoader/ViewController.swift; sourceTree = SOURCE_ROOT; };
		533EA97A1D1AF50700AC4566 /* en */ = {isa = PBXFileReference; lastKnownFileType = text.rtf; name = en; path = MediaLibraryLoader/en.lproj/Credits.rtf; sourceTree = SOURCE_ROOT; };
		533EA97C1D1AF50700AC4566 /* en */ = {isa = PBXFileReference; fileEncoding = 10; lastKnownFileType = text.plist.strings; name = en; path = MediaLibraryLoader/en.lproj/InfoPlist.strings; sourceTree = SOURCE_ROOT; };
		5341010D1AFD23B2003BC1D6 /* MediaLibraryLoader.app */ = {isa = PBXFileReference; explicitFileType = wrapper.application; includeInIndex = 0; path = MediaLibraryLoader.app; sourceTree = BUILT_PRODUCTS_DIR; };
/* End PBXFileReference section */

/* Begin PBXFrameworksBuildPhase section */
		5341010A1AFD23B2003BC1D6 /* Frameworks */ = {
			isa = PBXFrameworksBuildPhase;
			buildActionMask = 2147483647;
			files = (
			);
			runOnlyForDeploymentPostprocessing = 0;
		};
/* End PBXFrameworksBuildPhase section */

/* Begin PBXGroup section */
		534101041AFD23B2003BC1D6 = {
			isa = PBXGroup;
			children = (
				53320BF51D3954BB0017C24D /* README.md */,
				5341010F1AFD23B2003BC1D6 /* MediaLibraryLoader */,
				5341010E1AFD23B2003BC1D6 /* Products */,
			);
			sourceTree = "<group>";
		};
		5341010E1AFD23B2003BC1D6 /* Products */ = {
			isa = PBXGroup;
			children = (
				5341010D1AFD23B2003BC1D6 /* MediaLibraryLoader.app */,
			);
			name = Products;
			sourceTree = "<group>";
		};
		5341010F1AFD23B2003BC1D6 /* MediaLibraryLoader */ = {
			isa = PBXGroup;
			children = (
				533EA9731D1AF4A000AC4566 /* AppDelegate.swift */,
				533EA9741D1AF4A000AC4566 /* ViewController.swift */,
				531B21461D1AFAF300E581E0 /* Images.xcassets */,
				534101101AFD23B2003BC1D6 /* Supporting Files */,
			);
			name = MediaLibraryLoader;
			path = SimpleApp;
			sourceTree = "<group>";
		};
		534101101AFD23B2003BC1D6 /* Supporting Files */ = {
			isa = PBXGroup;
			children = (
				533EA96F1D1AF48700AC4566 /* Main.storyboard */,
				531B21431D1AF7AB00E581E0 /* IconItem.xib */,
				533EA9721D1AF49300AC4566 /* Info.plist */,
				533EA9791D1AF50700AC4566 /* Credits.rtf */,
				533EA97B1D1AF50700AC4566 /* InfoPlist.strings */,
			);
			name = "Supporting Files";
			sourceTree = "<group>";
		};
/* End PBXGroup section */

/* Begin PBXNativeTarget section */
		5341010C1AFD23B2003BC1D6 /* MediaLibraryLoader */ = {
			isa = PBXNativeTarget;
			buildConfigurationList = 534101291AFD23B3003BC1D6 /* Build configuration list for PBXNativeTarget "MediaLibraryLoader" */;
			buildPhases = (
				534101091AFD23B2003BC1D6 /* Sources */,
				5341010A1AFD23B2003BC1D6 /* Frameworks */,
				5341010B1AFD23B2003BC1D6 /* Resources */,
			);
			buildRules = (
			);
			dependencies = (
			);
			name = MediaLibraryLoader;
			productName = SimpleApp;
			productReference = 5341010D1AFD23B2003BC1D6 /* MediaLibraryLoader.app */;
			productType = "com.apple.product-type.application";
		};
/* End PBXNativeTarget section */

/* Begin PBXProject section */
		534101051AFD23B2003BC1D6 /* Project object */ = {
			isa = PBXProject;
			attributes = {
				LastSwiftUpdateCheck = 0730;
				LastUpgradeCheck = 0800;
				ORGANIZATIONNAME = keith;
				TargetAttributes = {
					5341010C1AFD23B2003BC1D6 = {
						CreatedOnToolsVersion = 6.3.1;
						LastSwiftMigration = 0800;
					};
				};
			};
			buildConfigurationList = 534101081AFD23B2003BC1D6 /* Build configuration list for PBXProject "MediaLibraryLoader" */;
			compatibilityVersion = "Xcode 3.2";
			developmentRegion = English;
			hasScannedForEncodings = 0;
			knownRegions = (
				en,
				Base,
			);
			mainGroup = 534101041AFD23B2003BC1D6;
			productRefGroup = 5341010E1AFD23B2003BC1D6 /* Products */;
			projectDirPath = "";
			projectRoot = "";
			targets = (
				5341010C1AFD23B2003BC1D6 /* MediaLibraryLoader */,
			);
		};
/* End PBXProject section */

/* Begin PBXResourcesBuildPhase section */
		5341010B1AFD23B2003BC1D6 /* Resources */ = {
			isa = PBXResourcesBuildPhase;
			buildActionMask = 2147483647;
			files = (
				533EA9711D1AF48700AC4566 /* Main.storyboard in Resources */,
				531B21451D1AF7AB00E581E0 /* IconItem.xib in Resources */,
				533EA97E1D1AF50700AC4566 /* InfoPlist.strings in Resources */,
				531B21471D1AFAF300E581E0 /* Images.xcassets in Resources */,
				533EA97D1D1AF50700AC4566 /* Credits.rtf in Resources */,
			);
			runOnlyForDeploymentPostprocessing = 0;
		};
/* End PBXResourcesBuildPhase section */

/* Begin PBXSourcesBuildPhase section */
		534101091AFD23B2003BC1D6 /* Sources */ = {
			isa = PBXSourcesBuildPhase;
			buildActionMask = 2147483647;
			files = (
				533EA9761D1AF4A000AC4566 /* ViewController.swift in Sources */,
				533EA9751D1AF4A000AC4566 /* AppDelegate.swift in Sources */,
			);
			runOnlyForDeploymentPostprocessing = 0;
		};
/* End PBXSourcesBuildPhase section */

/* Begin PBXVariantGroup section */
		531B21431D1AF7AB00E581E0 /* IconItem.xib */ = {
			isa = PBXVariantGroup;
			children = (
				531B21441D1AF7AB00E581E0 /* Base */,
			);
			name = IconItem.xib;
			sourceTree = "<group>";
		};
		533EA96F1D1AF48700AC4566 /* Main.storyboard */ = {
			isa = PBXVariantGroup;
			children = (
				533EA9701D1AF48700AC4566 /* Base */,
			);
			name = Main.storyboard;
			sourceTree = "<group>";
		};
		533EA9791D1AF50700AC4566 /* Credits.rtf */ = {
			isa = PBXVariantGroup;
			children = (
				533EA97A1D1AF50700AC4566 /* en */,
			);
			name = Credits.rtf;
			sourceTree = "<group>";
		};
		533EA97B1D1AF50700AC4566 /* InfoPlist.strings */ = {
			isa = PBXVariantGroup;
			children = (
				533EA97C1D1AF50700AC4566 /* en */,
			);
			name = InfoPlist.strings;
			sourceTree = "<group>";
		};
/* End PBXVariantGroup section */

/* Begin XCBuildConfiguration section */
		534101271AFD23B3003BC1D6 /* Debug */ = {
			isa = XCBuildConfiguration;
			buildSettings = {
				ALWAYS_SEARCH_USER_PATHS = NO;
				CLANG_CXX_LANGUAGE_STANDARD = "gnu++0x";
				CLANG_CXX_LIBRARY = "libc++";
				CLANG_ENABLE_MODULES = YES;
				CLANG_ENABLE_OBJC_ARC = YES;
				CLANG_WARN_BOOL_CONVERSION = YES;
				CLANG_WARN_CONSTANT_CONVERSION = YES;
				CLANG_WARN_DIRECT_OBJC_ISA_USAGE = YES_ERROR;
				CLANG_WARN_EMPTY_BODY = YES;
				CLANG_WARN_ENUM_CONVERSION = YES;
				CLANG_WARN_INFINITE_RECURSION = YES;
				CLANG_WARN_INT_CONVERSION = YES;
				CLANG_WARN_OBJC_ROOT_CLASS = YES_ERROR;
				CLANG_WARN_SUSPICIOUS_MOVE = YES;
				CLANG_WARN_UNREACHABLE_CODE = YES;
				CLANG_WARN__DUPLICATE_METHOD_MATCH = YES;
				CODE_SIGN_IDENTITY = "-";
				COPY_PHASE_STRIP = NO;
				DEBUG_INFORMATION_FORMAT = dwarf;
				ENABLE_STRICT_OBJC_MSGSEND = YES;
				ENABLE_TESTABILITY = YES;
				GCC_C_LANGUAGE_STANDARD = gnu99;
				GCC_DYNAMIC_NO_PIC = NO;
				GCC_NO_COMMON_BLOCKS = YES;
				GCC_OPTIMIZATION_LEVEL = 0;
				GCC_PREPROCESSOR_DEFINITIONS = (
					"DEBUG=1",
					"$(inherited)",
				);
				GCC_SYMBOLS_PRIVATE_EXTERN = NO;
				GCC_WARN_64_TO_32_BIT_CONVERSION = YES;
				GCC_WARN_ABOUT_RETURN_TYPE = YES_ERROR;
				GCC_WARN_UNDECLARED_SELECTOR = YES;
				GCC_WARN_UNINITIALIZED_AUTOS = YES_AGGRESSIVE;
				GCC_WARN_UNUSED_FUNCTION = YES;
				GCC_WARN_UNUSED_VARIABLE = YES;
				MACOSX_DEPLOYMENT_TARGET = 10.11;
				MTL_ENABLE_DEBUG_INFO = YES;
				ONLY_ACTIVE_ARCH = YES;
				SDKROOT = macosx;
				SWIFT_OPTIMIZATION_LEVEL = "-Onone";
				SWIFT_VERSION = 3.0;
			};
			name = Debug;
		};
		534101281AFD23B3003BC1D6 /* Release */ = {
			isa = XCBuildConfiguration;
			buildSettings = {
				ALWAYS_SEARCH_USER_PATHS = NO;
				CLANG_CXX_LANGUAGE_STANDARD = "gnu++0x";
				CLANG_CXX_LIBRARY = "libc++";
				CLANG_ENABLE_MODULES = YES;
				CLANG_ENABLE_OBJC_ARC = YES;
				CLANG_WARN_BOOL_CONVERSION = YES;
				CLANG_WARN_CONSTANT_CONVERSION = YES;
				CLANG_WARN_DIRECT_OBJC_ISA_USAGE = YES_ERROR;
				CLANG_WARN_EMPTY_BODY = YES;
				CLANG_WARN_ENUM_CONVERSION = YES;
				CLANG_WARN_INFINITE_RECURSION = YES;
				CLANG_WARN_INT_CONVERSION = YES;
				CLANG_WARN_OBJC_ROOT_CLASS = YES_ERROR;
				CLANG_WARN_SUSPICIOUS_MOVE = YES;
				CLANG_WARN_UNREACHABLE_CODE = YES;
				CLANG_WARN__DUPLICATE_METHOD_MATCH = YES;
				CODE_SIGN_IDENTITY = "-";
				COPY_PHASE_STRIP = NO;
				DEBUG_INFORMATION_FORMAT = "dwarf-with-dsym";
				ENABLE_NS_ASSERTIONS = NO;
				ENABLE_STRICT_OBJC_MSGSEND = YES;
				GCC_C_LANGUAGE_STANDARD = gnu99;
				GCC_NO_COMMON_BLOCKS = YES;
				GCC_WARN_64_TO_32_BIT_CONVERSION = YES;
				GCC_WARN_ABOUT_RETURN_TYPE = YES_ERROR;
				GCC_WARN_UNDECLARED_SELECTOR = YES;
				GCC_WARN_UNINITIALIZED_AUTOS = YES_AGGRESSIVE;
				GCC_WARN_UNUSED_FUNCTION = YES;
				GCC_WARN_UNUSED_VARIABLE = YES;
				MACOSX_DEPLOYMENT_TARGET = 10.11;
				MTL_ENABLE_DEBUG_INFO = NO;
				SDKROOT = macosx;
				SWIFT_VERSION = 3.0;
			};
			name = Release;
		};
		5341012A1AFD23B3003BC1D6 /* Debug */ = {
			isa = XCBuildConfiguration;
			buildSettings = {
				ASSETCATALOG_COMPILER_APPICON_NAME = AppIcon;
				CLANG_ENABLE_MODULES = YES;
				COMBINE_HIDPI_IMAGES = YES;
				INFOPLIST_FILE = MediaLibraryLoader/Info.plist;
				LD_RUNPATH_SEARCH_PATHS = "$(inherited) @executable_path/../Frameworks";
				MACOSX_DEPLOYMENT_TARGET = 10.11;
				PRODUCT_BUNDLE_IDENTIFIER = "com.example.apple-samplecode.${PRODUCT_NAME:rfc1034identifier}";
				PRODUCT_NAME = "$(TARGET_NAME)";
				SWIFT_OPTIMIZATION_LEVEL = "-Onone";
				SWIFT_VERSION = 3.0;
			};
			name = Debug;
		};
		5341012B1AFD23B3003BC1D6 /* Release */ = {
			isa = XCBuildConfiguration;
			buildSettings = {
				ASSETCATALOG_COMPILER_APPICON_NAME = AppIcon;
				CLANG_ENABLE_MODULES = YES;
				COMBINE_HIDPI_IMAGES = YES;
				INFOPLIST_FILE = MediaLibraryLoader/Info.plist;
				LD_RUNPATH_SEARCH_PATHS = "$(inherited) @executable_path/../Frameworks";
				MACOSX_DEPLOYMENT_TARGET = 10.11;
				PRODUCT_BUNDLE_IDENTIFIER = "com.example.apple-samplecode.${PRODUCT_NAME:rfc1034identifier}";
				PRODUCT_NAME = "$(TARGET_NAME)";
				SWIFT_OPTIMIZATION_LEVEL = "-Owholemodule";
				SWIFT_VERSION = 3.0;
			};
			name = Release;
		};
/* End XCBuildConfiguration section */

/* Begin XCConfigurationList section */
		534101081AFD23B2003BC1D6 /* Build configuration list for PBXProject "MediaLibraryLoader" */ = {
			isa = XCConfigurationList;
			buildConfigurations = (
				534101271AFD23B3003BC1D6 /* Debug */,
				534101281AFD23B3003BC1D6 /* Release */,
			);
			defaultConfigurationIsVisible = 0;
			defaultConfigurationName = Release;
		};
		534101291AFD23B3003BC1D6 /* Build configuration list for PBXNativeTarget "MediaLibraryLoader" */ = {
			isa = XCConfigurationList;
			buildConfigurations = (
				5341012A1AFD23B3003BC1D6 /* Debug */,
				5341012B1AFD23B3003BC1D6 /* Release */,
			);
			defaultConfigurationIsVisible = 0;
			defaultConfigurationName = Release;
		};
/* End XCConfigurationList section */
	};
	rootObject = 534101051AFD23B2003BC1D6 /* Project object */;
}
