// !$*UTF8*$!
{
	archiveVersion = 1;
	classes = {
	};
	objectVersion = 46;
	objects = {

/* Begin PBXBuildFile section */
		F10DF4B31EC2DF7400D935B4 /* AppDelegate.swift in Sources */ = {isa = PBXBuildFile; fileRef = F10DF4B21EC2DF7400D935B4 /* AppDelegate.swift */; };
		F10DF4B51EC2DF7400D935B4 /* ViewController.swift in Sources */ = {isa = PBXBuildFile; fileRef = F10DF4B41EC2DF7400D935B4 /* ViewController.swift */; };
		F10DF4B81EC2DF7400D935B4 /* Main.storyboard in Resources */ = {isa = PBXBuildFile; fileRef = F10DF4B61EC2DF7400D935B4 /* Main.storyboard */; };
		F10DF4BA1EC2DF7400D935B4 /* Assets.xcassets in Resources */ = {isa = PBXBuildFile; fileRef = F10DF4B91EC2DF7400D935B4 /* Assets.xcassets */; };
		F10DF4BD1EC2DF7400D935B4 /* LaunchScreen.storyboard in Resources */ = {isa = PBXBuildFile; fileRef = F10DF4BB1EC2DF7400D935B4 /* LaunchScreen.storyboard */; };
		F12EA17E1ED422E400BDF7C7 /* CountOperation.swift in Sources */ = {isa = PBXBuildFile; fileRef = F12EA17D1ED422E400BDF7C7 /* CountOperation.swift */; };
/* End PBXBuildFile section */

/* Begin PBXFileReference section */
		F10DF4AF1EC2DF7400D935B4 /* 多线程.app */ = {isa = PBXFileReference; explicitFileType = wrapper.application; includeInIndex = 0; path = "多线程.app"; sourceTree = BUILT_PRODUCTS_DIR; };
		F10DF4B21EC2DF7400D935B4 /* AppDelegate.swift */ = {isa = PBXFileReference; lastKnownFileType = sourcecode.swift; path = AppDelegate.swift; sourceTree = "<group>"; };
		F10DF4B41EC2DF7400D935B4 /* ViewController.swift */ = {isa = PBXFileReference; lastKnownFileType = sourcecode.swift; path = ViewController.swift; sourceTree = "<group>"; };
		F10DF4B71EC2DF7400D935B4 /* Base */ = {isa = PBXFileReference; lastKnownFileType = file.storyboard; name = Base; path = Base.lproj/Main.storyboard; sourceTree = "<group>"; };
		F10DF4B91EC2DF7400D935B4 /* Assets.xcassets */ = {isa = PBXFileReference; lastKnownFileType = folder.assetcatalog; path = Assets.xcassets; sourceTree = "<group>"; };
		F10DF4BC1EC2DF7400D935B4 /* Base */ = {isa = PBXFileReference; lastKnownFileType = file.storyboard; name = Base; path = Base.lproj/LaunchScreen.storyboard; sourceTree = "<group>"; };
		F10DF4BE1EC2DF7400D935B4 /* Info.plist */ = {isa = PBXFileReference; lastKnownFileType = text.plist.xml; path = Info.plist; sourceTree = "<group>"; };
		F12EA17D1ED422E400BDF7C7 /* CountOperation.swift */ = {isa = PBXFileReference; fileEncoding = 4; lastKnownFileType = sourcecode.swift; path = CountOperation.swift; sourceTree = "<group>"; };
/* End PBXFileReference section */

/* Begin PBXFrameworksBuildPhase section */
		F10DF4AC1EC2DF7400D935B4 /* Frameworks */ = {
			isa = PBXFrameworksBuildPhase;
			buildActionMask = 2147483647;
			files = (
			);
			runOnlyForDeploymentPostprocessing = 0;
		};
/* End PBXFrameworksBuildPhase section */

/* Begin PBXGroup section */
		F10DF4A61EC2DF7400D935B4 = {
			isa = PBXGroup;
			children = (
				F10DF4B11EC2DF7400D935B4 /* 多线程 */,
				F10DF4B01EC2DF7400D935B4 /* Products */,
			);
			sourceTree = "<group>";
		};
		F10DF4B01EC2DF7400D935B4 /* Products */ = {
			isa = PBXGroup;
			children = (
				F10DF4AF1EC2DF7400D935B4 /* 多线程.app */,
			);
			name = Products;
			sourceTree = "<group>";
		};
		F10DF4B11EC2DF7400D935B4 /* 多线程 */ = {
			isa = PBXGroup;
			children = (
				F10DF4B21EC2DF7400D935B4 /* AppDelegate.swift */,
				F10DF4B41EC2DF7400D935B4 /* ViewController.swift */,
				F12EA17D1ED422E400BDF7C7 /* CountOperation.swift */,
				F10DF4B61EC2DF7400D935B4 /* Main.storyboard */,
				F10DF4B91EC2DF7400D935B4 /* Assets.xcassets */,
				F10DF4BB1EC2DF7400D935B4 /* LaunchScreen.storyboard */,
				F10DF4BE1EC2DF7400D935B4 /* Info.plist */,
			);
			path = "多线程";
			sourceTree = "<group>";
		};
/* End PBXGroup section */

/* Begin PBXNativeTarget section */
		F10DF4AE1EC2DF7400D935B4 /* 多线程 */ = {
			isa = PBXNativeTarget;
			buildConfigurationList = F10DF4C11EC2DF7400D935B4 /* Build configuration list for PBXNativeTarget "多线程" */;
			buildPhases = (
				F10DF4AB1EC2DF7400D935B4 /* Sources */,
				F10DF4AC1EC2DF7400D935B4 /* Frameworks */,
				F10DF4AD1EC2DF7400D935B4 /* Resources */,
			);
			buildRules = (
			);
			dependencies = (
			);
			name = "多线程";
			productName = "多线程";
			productReference = F10DF4AF1EC2DF7400D935B4 /* 多线程.app */;
			productType = "com.apple.product-type.application";
		};
/* End PBXNativeTarget section */

/* Begin PBXProject section */
		F10DF4A71EC2DF7400D935B4 /* Project object */ = {
			isa = PBXProject;
			attributes = {
				LastSwiftUpdateCheck = 0830;
				LastUpgradeCheck = 0830;
				ORGANIZATIONNAME = XiFeng;
				TargetAttributes = {
					F10DF4AE1EC2DF7400D935B4 = {
						CreatedOnToolsVersion = 8.3.2;
						ProvisioningStyle = Automatic;
					};
				};
			};
			buildConfigurationList = F10DF4AA1EC2DF7400D935B4 /* Build configuration list for PBXProject "多线程" */;
			compatibilityVersion = "Xcode 3.2";
			developmentRegion = English;
			hasScannedForEncodings = 0;
			knownRegions = (
				en,
				Base,
			);
			mainGroup = F10DF4A61EC2DF7400D935B4;
			productRefGroup = F10DF4B01EC2DF7400D935B4 /* Products */;
			projectDirPath = "";
			projectRoot = "";
			targets = (
				F10DF4AE1EC2DF7400D935B4 /* 多线程 */,
			);
		};
/* End PBXProject section */

/* Begin PBXResourcesBuildPhase section */
		F10DF4AD1EC2DF7400D935B4 /* Resources */ = {
			isa = PBXResourcesBuildPhase;
			buildActionMask = 2147483647;
			files = (
				F10DF4BD1EC2DF7400D935B4 /* LaunchScreen.storyboard in Resources */,
				F10DF4BA1EC2DF7400D935B4 /* Assets.xcassets in Resources */,
				F10DF4B81EC2DF7400D935B4 /* Main.storyboard in Resources */,
			);
			runOnlyForDeploymentPostprocessing = 0;
		};
/* End PBXResourcesBuildPhase section */

/* Begin PBXSourcesBuildPhase section */
		F10DF4AB1EC2DF7400D935B4 /* Sources */ = {
			isa = PBXSourcesBuildPhase;
			buildActionMask = 2147483647;
			files = (
				F10DF4B51EC2DF7400D935B4 /* ViewController.swift in Sources */,
				F12EA17E1ED422E400BDF7C7 /* CountOperation.swift in Sources */,
				F10DF4B31EC2DF7400D935B4 /* AppDelegate.swift in Sources */,
			);
			runOnlyForDeploymentPostprocessing = 0;
		};
/* End PBXSourcesBuildPhase section */

/* Begin PBXVariantGroup section */
		F10DF4B61EC2DF7400D935B4 /* Main.storyboard */ = {
			isa = PBXVariantGroup;
			children = (
				F10DF4B71EC2DF7400D935B4 /* Base */,
			);
			name = Main.storyboard;
			sourceTree = "<group>";
		};
		F10DF4BB1EC2DF7400D935B4 /* LaunchScreen.storyboard */ = {
			isa = PBXVariantGroup;
			children = (
				F10DF4BC1EC2DF7400D935B4 /* Base */,
			);
			name = LaunchScreen.storyboard;
			sourceTree = "<group>";
		};
/* End PBXVariantGroup section */

/* Begin XCBuildConfiguration section */
		F10DF4BF1EC2DF7400D935B4 /* Debug */ = {
			isa = XCBuildConfiguration;
			buildSettings = {
				ALWAYS_SEARCH_USER_PATHS = NO;
				CLANG_ANALYZER_NONNULL = YES;
				CLANG_ANALYZER_NUMBER_OBJECT_CONVERSION = YES_AGGRESSIVE;
				CLANG_CXX_LANGUAGE_STANDARD = "gnu++0x";
				CLANG_CXX_LIBRARY = "libc++";
				CLANG_ENABLE_MODULES = YES;
				CLANG_ENABLE_OBJC_ARC = YES;
				CLANG_WARN_BOOL_CONVERSION = YES;
				CLANG_WARN_CONSTANT_CONVERSION = YES;
				CLANG_WARN_DIRECT_OBJC_ISA_USAGE = YES_ERROR;
				CLANG_WARN_DOCUMENTATION_COMMENTS = YES;
				CLANG_WARN_EMPTY_BODY = YES;
				CLANG_WARN_ENUM_CONVERSION = YES;
				CLANG_WARN_INFINITE_RECURSION = YES;
				CLANG_WARN_INT_CONVERSION = YES;
				CLANG_WARN_OBJC_ROOT_CLASS = YES_ERROR;
				CLANG_WARN_SUSPICIOUS_MOVE = YES;
				CLANG_WARN_UNREACHABLE_CODE = YES;
				CLANG_WARN__DUPLICATE_METHOD_MATCH = YES;
				"CODE_SIGN_IDENTITY[sdk=iphoneos*]" = "iPhone Developer";
				COPY_PHASE_STRIP = NO;
				DEBUG_INFORMATION_FORMAT = dwarf;
				ENABLE_STRICT_OBJC_MSGSEND = YES;
				ENABLE_TESTABILITY = YES;
				GCC_C_LANGUAGE_STANDARD = gnu99;
				GCC_DYNAMIC_NO_PIC = NO;
				GCC_NO_COMMON_BLOCKS = YES;
				GCC_OPTIMIZATION_LEVEL = 0;
				GCC_PREPROCESSOR_DEFINITIONS = (
					"DEBUG=1",
					"$(inherited)",
				);
				GCC_WARN_64_TO_32_BIT_CONVERSION = YES;
				GCC_WARN_ABOUT_RETURN_TYPE = YES_ERROR;
				GCC_WARN_UNDECLARED_SELECTOR = YES;
				GCC_WARN_UNINITIALIZED_AUTOS = YES_AGGRESSIVE;
				GCC_WARN_UNUSED_FUNCTION = YES;
				GCC_WARN_UNUSED_VARIABLE = YES;
				IPHONEOS_DEPLOYMENT_TARGET = 10.3;
				MTL_ENABLE_DEBUG_INFO = YES;
				ONLY_ACTIVE_ARCH = YES;
				SDKROOT = iphoneos;
				SWIFT_ACTIVE_COMPILATION_CONDITIONS = DEBUG;
				SWIFT_OPTIMIZATION_LEVEL = "-Onone";
				TARGETED_DEVICE_FAMILY = "1,2";
			};
			name = Debug;
		};
		F10DF4C01EC2DF7400D935B4 /* Release */ = {
			isa = XCBuildConfiguration;
			buildSettings = {
				ALWAYS_SEARCH_USER_PATHS = NO;
				CLANG_ANALYZER_NONNULL = YES;
				CLANG_ANALYZER_NUMBER_OBJECT_CONVERSION = YES_AGGRESSIVE;
				CLANG_CXX_LANGUAGE_STANDARD = "gnu++0x";
				CLANG_CXX_LIBRARY = "libc++";
				CLANG_ENABLE_MODULES = YES;
				CLANG_ENABLE_OBJC_ARC = YES;
				CLANG_WARN_BOOL_CONVERSION = YES;
				CLANG_WARN_CONSTANT_CONVERSION = YES;
				CLANG_WARN_DIRECT_OBJC_ISA_USAGE = YES_ERROR;
				CLANG_WARN_DOCUMENTATION_COMMENTS = YES;
				CLANG_WARN_EMPTY_BODY = YES;
				CLANG_WARN_ENUM_CONVERSION = YES;
				CLANG_WARN_INFINITE_RECURSION = YES;
				CLANG_WARN_INT_CONVERSION = YES;
				CLANG_WARN_OBJC_ROOT_CLASS = YES_ERROR;
				CLANG_WARN_SUSPICIOUS_MOVE = YES;
				CLANG_WARN_UNREACHABLE_CODE = YES;
				CLANG_WARN__DUPLICATE_METHOD_MATCH = YES;
				"CODE_SIGN_IDENTITY[sdk=iphoneos*]" = "iPhone Developer";
				COPY_PHASE_STRIP = NO;
				DEBUG_INFORMATION_FORMAT = "dwarf-with-dsym";
				ENABLE_NS_ASSERTIONS = NO;
				ENABLE_STRICT_OBJC_MSGSEND = YES;
				GCC_C_LANGUAGE_STANDARD = gnu99;
				GCC_NO_COMMON_BLOCKS = YES;
				GCC_WARN_64_TO_32_BIT_CONVERSION = YES;
				GCC_WARN_ABOUT_RETURN_TYPE = YES_ERROR;
				GCC_WARN_UNDECLARED_SELECTOR = YES;
				GCC_WARN_UNINITIALIZED_AUTOS = YES_AGGRESSIVE;
				GCC_WARN_UNUSED_FUNCTION = YES;
				GCC_WARN_UNUSED_VARIABLE = YES;
				IPHONEOS_DEPLOYMENT_TARGET = 10.3;
				MTL_ENABLE_DEBUG_INFO = NO;
				SDKROOT = iphoneos;
				SWIFT_OPTIMIZATION_LEVEL = "-Owholemodule";
				TARGETED_DEVICE_FAMILY = "1,2";
				VALIDATE_PRODUCT = YES;
			};
			name = Release;
		};
		F10DF4C21EC2DF7400D935B4 /* Debug */ = {
			isa = XCBuildConfiguration;
			buildSettings = {
				ASSETCATALOG_COMPILER_APPICON_NAME = AppIcon;
				INFOPLIST_FILE = "多线程/Info.plist";
				LD_RUNPATH_SEARCH_PATHS = "$(inherited) @executable_path/Frameworks";
				PRODUCT_BUNDLE_IDENTIFIER = "XF.---";
				PRODUCT_NAME = "$(TARGET_NAME)";
				SWIFT_VERSION = 3.0;
			};
			name = Debug;
		};
		F10DF4C31EC2DF7400D935B4 /* Release */ = {
			isa = XCBuildConfiguration;
			buildSettings = {
				ASSETCATALOG_COMPILER_APPICON_NAME = AppIcon;
				INFOPLIST_FILE = "多线程/Info.plist";
				LD_RUNPATH_SEARCH_PATHS = "$(inherited) @executable_path/Frameworks";
				PRODUCT_BUNDLE_IDENTIFIER = "XF.---";
				PRODUCT_NAME = "$(TARGET_NAME)";
				SWIFT_VERSION = 3.0;
			};
			name = Release;
		};
/* End XCBuildConfiguration section */

/* Begin XCConfigurationList section */
		F10DF4AA1EC2DF7400D935B4 /* Build configuration list for PBXProject "多线程" */ = {
			isa = XCConfigurationList;
			buildConfigurations = (
				F10DF4BF1EC2DF7400D935B4 /* Debug */,
				F10DF4C01EC2DF7400D935B4 /* Release */,
			);
			defaultConfigurationIsVisible = 0;
			defaultConfigurationName = Release;
		};
		F10DF4C11EC2DF7400D935B4 /* Build configuration list for PBXNativeTarget "多线程" */ = {
			isa = XCConfigurationList;
			buildConfigurations = (
				F10DF4C21EC2DF7400D935B4 /* Debug */,
				F10DF4C31EC2DF7400D935B4 /* Release */,
			);
			defaultConfigurationIsVisible = 0;
			defaultConfigurationName = Release;
		};
/* End XCConfigurationList section */
	};
	rootObject = F10DF4A71EC2DF7400D935B4 /* Project object */;
}
