// !$*UTF8*$!
{
	archiveVersion = 1;
	classes = {
	};
	objectVersion = 46;
	objects = {

/* Begin PBXBuildFile section */
		F14011D31EF9E81800BCBC88 /* AppDelegate.swift in Sources */ = {isa = PBXBuildFile; fileRef = F14011D21EF9E81800BCBC88 /* AppDelegate.swift */; };
		F14011D51EF9E81800BCBC88 /* ViewController.swift in Sources */ = {isa = PBXBuildFile; fileRef = F14011D41EF9E81800BCBC88 /* ViewController.swift */; };
		F14011D81EF9E81800BCBC88 /* Main.storyboard in Resources */ = {isa = PBXBuildFile; fileRef = F14011D61EF9E81800BCBC88 /* Main.storyboard */; };
		F14011DA1EF9E81800BCBC88 /* Assets.xcassets in Resources */ = {isa = PBXBuildFile; fileRef = F14011D91EF9E81800BCBC88 /* Assets.xcassets */; };
		F14011DD1EF9E81800BCBC88 /* LaunchScreen.storyboard in Resources */ = {isa = PBXBuildFile; fileRef = F14011DB1EF9E81800BCBC88 /* LaunchScreen.storyboard */; };
		F14011EF1EF9F9B800BCBC88 /* CloudKit.framework in Frameworks */ = {isa = PBXBuildFile; fileRef = F14011EE1EF9F9B800BCBC88 /* CloudKit.framework */; };
/* End PBXBuildFile section */

/* Begin PBXFileReference section */
		F14011CF1EF9E81800BCBC88 /* 使用iCloud.app */ = {isa = PBXFileReference; explicitFileType = wrapper.application; includeInIndex = 0; path = "使用iCloud.app"; sourceTree = BUILT_PRODUCTS_DIR; };
		F14011D21EF9E81800BCBC88 /* AppDelegate.swift */ = {isa = PBXFileReference; lastKnownFileType = sourcecode.swift; path = AppDelegate.swift; sourceTree = "<group>"; };
		F14011D41EF9E81800BCBC88 /* ViewController.swift */ = {isa = PBXFileReference; lastKnownFileType = sourcecode.swift; path = ViewController.swift; sourceTree = "<group>"; };
		F14011D71EF9E81800BCBC88 /* Base */ = {isa = PBXFileReference; lastKnownFileType = file.storyboard; name = Base; path = Base.lproj/Main.storyboard; sourceTree = "<group>"; };
		F14011D91EF9E81800BCBC88 /* Assets.xcassets */ = {isa = PBXFileReference; lastKnownFileType = folder.assetcatalog; path = Assets.xcassets; sourceTree = "<group>"; };
		F14011DC1EF9E81800BCBC88 /* Base */ = {isa = PBXFileReference; lastKnownFileType = file.storyboard; name = Base; path = Base.lproj/LaunchScreen.storyboard; sourceTree = "<group>"; };
		F14011DE1EF9E81800BCBC88 /* Info.plist */ = {isa = PBXFileReference; lastKnownFileType = text.plist.xml; path = Info.plist; sourceTree = "<group>"; };
		F14011E41EF9E82200BCBC88 /* 使用iCloud.entitlements */ = {isa = PBXFileReference; lastKnownFileType = text.plist.entitlements; path = "使用iCloud.entitlements"; sourceTree = "<group>"; };
		F14011EE1EF9F9B800BCBC88 /* CloudKit.framework */ = {isa = PBXFileReference; lastKnownFileType = wrapper.framework; name = CloudKit.framework; path = System/Library/Frameworks/CloudKit.framework; sourceTree = SDKROOT; };
/* End PBXFileReference section */

/* Begin PBXFrameworksBuildPhase section */
		F14011CC1EF9E81800BCBC88 /* Frameworks */ = {
			isa = PBXFrameworksBuildPhase;
			buildActionMask = 2147483647;
			files = (
				F14011EF1EF9F9B800BCBC88 /* CloudKit.framework in Frameworks */,
			);
			runOnlyForDeploymentPostprocessing = 0;
		};
/* End PBXFrameworksBuildPhase section */

/* Begin PBXGroup section */
		F14011C61EF9E81800BCBC88 = {
			isa = PBXGroup;
			children = (
				F14011D11EF9E81800BCBC88 /* 使用iCloud */,
				F14011D01EF9E81800BCBC88 /* Products */,
				F14011E51EF9E82B00BCBC88 /* Frameworks */,
			);
			sourceTree = "<group>";
		};
		F14011D01EF9E81800BCBC88 /* Products */ = {
			isa = PBXGroup;
			children = (
				F14011CF1EF9E81800BCBC88 /* 使用iCloud.app */,
			);
			name = Products;
			sourceTree = "<group>";
		};
		F14011D11EF9E81800BCBC88 /* 使用iCloud */ = {
			isa = PBXGroup;
			children = (
				F14011E41EF9E82200BCBC88 /* 使用iCloud.entitlements */,
				F14011D21EF9E81800BCBC88 /* AppDelegate.swift */,
				F14011D41EF9E81800BCBC88 /* ViewController.swift */,
				F14011D61EF9E81800BCBC88 /* Main.storyboard */,
				F14011D91EF9E81800BCBC88 /* Assets.xcassets */,
				F14011DB1EF9E81800BCBC88 /* LaunchScreen.storyboard */,
				F14011DE1EF9E81800BCBC88 /* Info.plist */,
			);
			path = "使用iCloud";
			sourceTree = "<group>";
		};
		F14011E51EF9E82B00BCBC88 /* Frameworks */ = {
			isa = PBXGroup;
			children = (
				F14011EE1EF9F9B800BCBC88 /* CloudKit.framework */,
			);
			name = Frameworks;
			sourceTree = "<group>";
		};
/* End PBXGroup section */

/* Begin PBXNativeTarget section */
		F14011CE1EF9E81800BCBC88 /* 使用iCloud */ = {
			isa = PBXNativeTarget;
			buildConfigurationList = F14011E11EF9E81800BCBC88 /* Build configuration list for PBXNativeTarget "使用iCloud" */;
			buildPhases = (
				F14011CB1EF9E81800BCBC88 /* Sources */,
				F14011CC1EF9E81800BCBC88 /* Frameworks */,
				F14011CD1EF9E81800BCBC88 /* Resources */,
			);
			buildRules = (
			);
			dependencies = (
			);
			name = "使用iCloud";
			productName = "使用iCloud";
			productReference = F14011CF1EF9E81800BCBC88 /* 使用iCloud.app */;
			productType = "com.apple.product-type.application";
		};
/* End PBXNativeTarget section */

/* Begin PBXProject section */
		F14011C71EF9E81800BCBC88 /* Project object */ = {
			isa = PBXProject;
			attributes = {
				LastSwiftUpdateCheck = 0830;
				LastUpgradeCheck = 0830;
				ORGANIZATIONNAME = XiFeng;
				TargetAttributes = {
					F14011CE1EF9E81800BCBC88 = {
						CreatedOnToolsVersion = 8.3.2;
						DevelopmentTeam = 22J227ATUY;
						ProvisioningStyle = Automatic;
						SystemCapabilities = {
							com.apple.Push = {
								enabled = 1;
							};
							com.apple.iCloud = {
								enabled = 1;
							};
						};
					};
				};
			};
			buildConfigurationList = F14011CA1EF9E81800BCBC88 /* Build configuration list for PBXProject "使用iCloud" */;
			compatibilityVersion = "Xcode 3.2";
			developmentRegion = English;
			hasScannedForEncodings = 0;
			knownRegions = (
				en,
				Base,
			);
			mainGroup = F14011C61EF9E81800BCBC88;
			productRefGroup = F14011D01EF9E81800BCBC88 /* Products */;
			projectDirPath = "";
			projectRoot = "";
			targets = (
				F14011CE1EF9E81800BCBC88 /* 使用iCloud */,
			);
		};
/* End PBXProject section */

/* Begin PBXResourcesBuildPhase section */
		F14011CD1EF9E81800BCBC88 /* Resources */ = {
			isa = PBXResourcesBuildPhase;
			buildActionMask = 2147483647;
			files = (
				F14011DD1EF9E81800BCBC88 /* LaunchScreen.storyboard in Resources */,
				F14011DA1EF9E81800BCBC88 /* Assets.xcassets in Resources */,
				F14011D81EF9E81800BCBC88 /* Main.storyboard in Resources */,
			);
			runOnlyForDeploymentPostprocessing = 0;
		};
/* End PBXResourcesBuildPhase section */

/* Begin PBXSourcesBuildPhase section */
		F14011CB1EF9E81800BCBC88 /* Sources */ = {
			isa = PBXSourcesBuildPhase;
			buildActionMask = 2147483647;
			files = (
				F14011D51EF9E81800BCBC88 /* ViewController.swift in Sources */,
				F14011D31EF9E81800BCBC88 /* AppDelegate.swift in Sources */,
			);
			runOnlyForDeploymentPostprocessing = 0;
		};
/* End PBXSourcesBuildPhase section */

/* Begin PBXVariantGroup section */
		F14011D61EF9E81800BCBC88 /* Main.storyboard */ = {
			isa = PBXVariantGroup;
			children = (
				F14011D71EF9E81800BCBC88 /* Base */,
			);
			name = Main.storyboard;
			sourceTree = "<group>";
		};
		F14011DB1EF9E81800BCBC88 /* LaunchScreen.storyboard */ = {
			isa = PBXVariantGroup;
			children = (
				F14011DC1EF9E81800BCBC88 /* Base */,
			);
			name = LaunchScreen.storyboard;
			sourceTree = "<group>";
		};
/* End PBXVariantGroup section */

/* Begin XCBuildConfiguration section */
		F14011DF1EF9E81800BCBC88 /* Debug */ = {
			isa = XCBuildConfiguration;
			buildSettings = {
				ALWAYS_SEARCH_USER_PATHS = NO;
				CLANG_ANALYZER_NONNULL = YES;
				CLANG_ANALYZER_NUMBER_OBJECT_CONVERSION = YES_AGGRESSIVE;
				CLANG_CXX_LANGUAGE_STANDARD = "gnu++0x";
				CLANG_CXX_LIBRARY = "libc++";
				CLANG_ENABLE_MODULES = YES;
				CLANG_ENABLE_OBJC_ARC = YES;
				CLANG_WARN_BOOL_CONVERSION = YES;
				CLANG_WARN_CONSTANT_CONVERSION = YES;
				CLANG_WARN_DIRECT_OBJC_ISA_USAGE = YES_ERROR;
				CLANG_WARN_DOCUMENTATION_COMMENTS = YES;
				CLANG_WARN_EMPTY_BODY = YES;
				CLANG_WARN_ENUM_CONVERSION = YES;
				CLANG_WARN_INFINITE_RECURSION = YES;
				CLANG_WARN_INT_CONVERSION = YES;
				CLANG_WARN_OBJC_ROOT_CLASS = YES_ERROR;
				CLANG_WARN_SUSPICIOUS_MOVE = YES;
				CLANG_WARN_UNREACHABLE_CODE = YES;
				CLANG_WARN__DUPLICATE_METHOD_MATCH = YES;
				"CODE_SIGN_IDENTITY[sdk=iphoneos*]" = "iPhone Developer";
				COPY_PHASE_STRIP = NO;
				DEBUG_INFORMATION_FORMAT = dwarf;
				ENABLE_STRICT_OBJC_MSGSEND = YES;
				ENABLE_TESTABILITY = YES;
				GCC_C_LANGUAGE_STANDARD = gnu99;
				GCC_DYNAMIC_NO_PIC = NO;
				GCC_NO_COMMON_BLOCKS = YES;
				GCC_OPTIMIZATION_LEVEL = 0;
				GCC_PREPROCESSOR_DEFINITIONS = (
					"DEBUG=1",
					"$(inherited)",
				);
				GCC_WARN_64_TO_32_BIT_CONVERSION = YES;
				GCC_WARN_ABOUT_RETURN_TYPE = YES_ERROR;
				GCC_WARN_UNDECLARED_SELECTOR = YES;
				GCC_WARN_UNINITIALIZED_AUTOS = YES_AGGRESSIVE;
				GCC_WARN_UNUSED_FUNCTION = YES;
				GCC_WARN_UNUSED_VARIABLE = YES;
				IPHONEOS_DEPLOYMENT_TARGET = 10.3;
				MTL_ENABLE_DEBUG_INFO = YES;
				ONLY_ACTIVE_ARCH = YES;
				SDKROOT = iphoneos;
				SWIFT_ACTIVE_COMPILATION_CONDITIONS = DEBUG;
				SWIFT_OPTIMIZATION_LEVEL = "-Onone";
				TARGETED_DEVICE_FAMILY = "1,2";
			};
			name = Debug;
		};
		F14011E01EF9E81800BCBC88 /* Release */ = {
			isa = XCBuildConfiguration;
			buildSettings = {
				ALWAYS_SEARCH_USER_PATHS = NO;
				CLANG_ANALYZER_NONNULL = YES;
				CLANG_ANALYZER_NUMBER_OBJECT_CONVERSION = YES_AGGRESSIVE;
				CLANG_CXX_LANGUAGE_STANDARD = "gnu++0x";
				CLANG_CXX_LIBRARY = "libc++";
				CLANG_ENABLE_MODULES = YES;
				CLANG_ENABLE_OBJC_ARC = YES;
				CLANG_WARN_BOOL_CONVERSION = YES;
				CLANG_WARN_CONSTANT_CONVERSION = YES;
				CLANG_WARN_DIRECT_OBJC_ISA_USAGE = YES_ERROR;
				CLANG_WARN_DOCUMENTATION_COMMENTS = YES;
				CLANG_WARN_EMPTY_BODY = YES;
				CLANG_WARN_ENUM_CONVERSION = YES;
				CLANG_WARN_INFINITE_RECURSION = YES;
				CLANG_WARN_INT_CONVERSION = YES;
				CLANG_WARN_OBJC_ROOT_CLASS = YES_ERROR;
				CLANG_WARN_SUSPICIOUS_MOVE = YES;
				CLANG_WARN_UNREACHABLE_CODE = YES;
				CLANG_WARN__DUPLICATE_METHOD_MATCH = YES;
				"CODE_SIGN_IDENTITY[sdk=iphoneos*]" = "iPhone Developer";
				COPY_PHASE_STRIP = NO;
				DEBUG_INFORMATION_FORMAT = "dwarf-with-dsym";
				ENABLE_NS_ASSERTIONS = NO;
				ENABLE_STRICT_OBJC_MSGSEND = YES;
				GCC_C_LANGUAGE_STANDARD = gnu99;
				GCC_NO_COMMON_BLOCKS = YES;
				GCC_WARN_64_TO_32_BIT_CONVERSION = YES;
				GCC_WARN_ABOUT_RETURN_TYPE = YES_ERROR;
				GCC_WARN_UNDECLARED_SELECTOR = YES;
				GCC_WARN_UNINITIALIZED_AUTOS = YES_AGGRESSIVE;
				GCC_WARN_UNUSED_FUNCTION = YES;
				GCC_WARN_UNUSED_VARIABLE = YES;
				IPHONEOS_DEPLOYMENT_TARGET = 10.3;
				MTL_ENABLE_DEBUG_INFO = NO;
				SDKROOT = iphoneos;
				SWIFT_OPTIMIZATION_LEVEL = "-Owholemodule";
				TARGETED_DEVICE_FAMILY = "1,2";
				VALIDATE_PRODUCT = YES;
			};
			name = Release;
		};
		F14011E21EF9E81800BCBC88 /* Debug */ = {
			isa = XCBuildConfiguration;
			buildSettings = {
				ASSETCATALOG_COMPILER_APPICON_NAME = AppIcon;
				CODE_SIGN_ENTITLEMENTS = "使用iCloud/使用iCloud.entitlements";
				DEVELOPMENT_TEAM = 22J227ATUY;
				INFOPLIST_FILE = "使用iCloud/Info.plist";
				LD_RUNPATH_SEARCH_PATHS = "$(inherited) @executable_path/Frameworks";
				PRODUCT_BUNDLE_IDENTIFIER = XF.eastelsoft.com;
				PRODUCT_NAME = "$(TARGET_NAME)";
				SWIFT_VERSION = 3.0;
			};
			name = Debug;
		};
		F14011E31EF9E81800BCBC88 /* Release */ = {
			isa = XCBuildConfiguration;
			buildSettings = {
				ASSETCATALOG_COMPILER_APPICON_NAME = AppIcon;
				CODE_SIGN_ENTITLEMENTS = "使用iCloud/使用iCloud.entitlements";
				DEVELOPMENT_TEAM = 22J227ATUY;
				INFOPLIST_FILE = "使用iCloud/Info.plist";
				LD_RUNPATH_SEARCH_PATHS = "$(inherited) @executable_path/Frameworks";
				PRODUCT_BUNDLE_IDENTIFIER = XF.eastelsoft.com;
				PRODUCT_NAME = "$(TARGET_NAME)";
				SWIFT_VERSION = 3.0;
			};
			name = Release;
		};
/* End XCBuildConfiguration section */

/* Begin XCConfigurationList section */
		F14011CA1EF9E81800BCBC88 /* Build configuration list for PBXProject "使用iCloud" */ = {
			isa = XCConfigurationList;
			buildConfigurations = (
				F14011DF1EF9E81800BCBC88 /* Debug */,
				F14011E01EF9E81800BCBC88 /* Release */,
			);
			defaultConfigurationIsVisible = 0;
			defaultConfigurationName = Release;
		};
		F14011E11EF9E81800BCBC88 /* Build configuration list for PBXNativeTarget "使用iCloud" */ = {
			isa = XCConfigurationList;
			buildConfigurations = (
				F14011E21EF9E81800BCBC88 /* Debug */,
				F14011E31EF9E81800BCBC88 /* Release */,
			);
			defaultConfigurationIsVisible = 0;
			defaultConfigurationName = Release;
		};
/* End XCConfigurationList section */
	};
	rootObject = F14011C71EF9E81800BCBC88 /* Project object */;
}
